#MicroXplorer Configuration settings - do not modify
ADC1.Channel-8\#ChannelRegularConversion=ADC_CHANNEL_9
ADC1.IPParameters=Rank-8\#ChannelRegularConversion,Channel-8\#ChannelRegularConversion,SamplingTime-8\#ChannelRegularConversion,NbrOfConversionFlag,master,SelectedChannel,Overrun
ADC1.NbrOfConversionFlag=1
ADC1.Overrun=ADC_OVR_DATA_OVERWRITTEN
ADC1.Rank-8\#ChannelRegularConversion=1
ADC1.SamplingTime-8\#ChannelRegularConversion=ADC_SAMPLINGTIME_COMMON_1
ADC1.SelectedChannel=ADC_CHANNEL_0|ADC_CHANNEL_1|ADC_CHANNEL_9
ADC1.master=1
Dma.LPUART1_TX.2.Direction=DMA_MEMORY_TO_PERIPH
Dma.LPUART1_TX.2.EventEnable=DISABLE
Dma.LPUART1_TX.2.Instance=DMA1_Channel3
Dma.LPUART1_TX.2.MemDataAlignment=DMA_MDATAALIGN_BYTE
Dma.LPUART1_TX.2.MemInc=DMA_MINC_ENABLE
Dma.LPUART1_TX.2.Mode=DMA_NORMAL
Dma.LPUART1_TX.2.PeriphDataAlignment=DMA_PDATAALIGN_BYTE
Dma.LPUART1_TX.2.PeriphInc=DMA_PINC_DISABLE
Dma.LPUART1_TX.2.Polarity=HAL_DMAMUX_REQ_GEN_RISING
Dma.LPUART1_TX.2.Priority=DMA_PRIORITY_LOW
Dma.LPUART1_TX.2.RequestNumber=1
Dma.LPUART1_TX.2.RequestParameters=Instance,Direction,PeriphInc,MemInc,PeriphDataAlignment,MemDataAlignment,Mode,Priority,SignalID,Polarity,RequestNumber,SyncSignalID,SyncPolarity,SyncEnable,EventEnable,SyncRequestNumber
Dma.LPUART1_TX.2.SignalID=NONE
Dma.LPUART1_TX.2.SyncEnable=DISABLE
Dma.LPUART1_TX.2.SyncPolarity=HAL_DMAMUX_SYNC_NO_EVENT
Dma.LPUART1_TX.2.SyncRequestNumber=1
Dma.LPUART1_TX.2.SyncSignalID=NONE
Dma.Request0=UCPD1_RX
Dma.Request1=UCPD1_TX
Dma.Request2=LPUART1_TX
Dma.RequestsNb=3
Dma.UCPD1_RX.0.Direction=DMA_PERIPH_TO_MEMORY
Dma.UCPD1_RX.0.EventEnable=DISABLE
Dma.UCPD1_RX.0.Instance=DMA1_Channel1
Dma.UCPD1_RX.0.MemDataAlignment=DMA_MDATAALIGN_BYTE
Dma.UCPD1_RX.0.MemInc=DMA_MINC_ENABLE
Dma.UCPD1_RX.0.Mode=DMA_NORMAL
Dma.UCPD1_RX.0.PeriphDataAlignment=DMA_PDATAALIGN_BYTE
Dma.UCPD1_RX.0.PeriphInc=DMA_PINC_DISABLE
Dma.UCPD1_RX.0.Polarity=HAL_DMAMUX_REQ_GEN_RISING
Dma.UCPD1_RX.0.Priority=DMA_PRIORITY_LOW
Dma.UCPD1_RX.0.RequestNumber=1
Dma.UCPD1_RX.0.RequestParameters=Instance,Direction,PeriphInc,MemInc,PeriphDataAlignment,MemDataAlignment,Mode,Priority,SignalID,Polarity,RequestNumber,SyncSignalID,SyncPolarity,SyncEnable,EventEnable,SyncRequestNumber
Dma.UCPD1_RX.0.SignalID=NONE
Dma.UCPD1_RX.0.SyncEnable=DISABLE
Dma.UCPD1_RX.0.SyncPolarity=HAL_DMAMUX_SYNC_NO_EVENT
Dma.UCPD1_RX.0.SyncRequestNumber=1
Dma.UCPD1_RX.0.SyncSignalID=NONE
Dma.UCPD1_TX.1.Direction=DMA_MEMORY_TO_PERIPH
Dma.UCPD1_TX.1.EventEnable=DISABLE
Dma.UCPD1_TX.1.Instance=DMA1_Channel2
Dma.UCPD1_TX.1.MemDataAlignment=DMA_MDATAALIGN_BYTE
Dma.UCPD1_TX.1.MemInc=DMA_MINC_ENABLE
Dma.UCPD1_TX.1.Mode=DMA_NORMAL
Dma.UCPD1_TX.1.PeriphDataAlignment=DMA_PDATAALIGN_BYTE
Dma.UCPD1_TX.1.PeriphInc=DMA_PINC_DISABLE
Dma.UCPD1_TX.1.Polarity=HAL_DMAMUX_REQ_GEN_RISING
Dma.UCPD1_TX.1.Priority=DMA_PRIORITY_LOW
Dma.UCPD1_TX.1.RequestNumber=1
Dma.UCPD1_TX.1.RequestParameters=Instance,Direction,PeriphInc,MemInc,PeriphDataAlignment,MemDataAlignment,Mode,Priority,SignalID,Polarity,RequestNumber,SyncSignalID,SyncPolarity,SyncEnable,EventEnable,SyncRequestNumber
Dma.UCPD1_TX.1.SignalID=NONE
Dma.UCPD1_TX.1.SyncEnable=DISABLE
Dma.UCPD1_TX.1.SyncPolarity=HAL_DMAMUX_SYNC_NO_EVENT
Dma.UCPD1_TX.1.SyncRequestNumber=1
Dma.UCPD1_TX.1.SyncSignalID=NONE
FREERTOS.IPParameters=Tasks01,configTOTAL_HEAP_SIZE,configUSE_NEWLIB_REENTRANT
FREERTOS.Tasks01=defaultTask,24,128,StartDefaultTask,Default,NULL,Dynamic,NULL,NULL
FREERTOS.configTOTAL_HEAP_SIZE=5000
FREERTOS.configUSE_NEWLIB_REENTRANT=1
File.Version=6
GPIO.groupedBy=Group By Peripherals
GUI_INTERFACE.HWBoardVersionName=Open-Weller-Pen
GUI_INTERFACE.IPParameters=HWBoardVersionName,PDTypeName
GUI_INTERFACE.PDTypeName=USBPDM1
KeepUserPlacement=false
LPUART1.BaudRate=115200
LPUART1.IPParameters=BaudRate,WordLength
LPUART1.WordLength=UART_WORDLENGTH_8B
Mcu.CPN=STM32G0B1KEU6N
Mcu.Family=STM32G0
Mcu.IP0=ADC1
Mcu.IP1=DMA
Mcu.IP10=UCPD1
Mcu.IP11=USBPD
Mcu.IP12=USB_DEVICE
Mcu.IP13=USB_DRD_FS
Mcu.IP2=FREERTOS
Mcu.IP3=GUI_INTERFACE
Mcu.IP4=LPUART1
Mcu.IP5=NVIC
Mcu.IP6=RCC
Mcu.IP7=SYS
Mcu.IP8=TIM2
Mcu.IP9=TRACER_EMB
Mcu.IPNb=14
Mcu.Name=STM32G0B1K(B-C-E)UxN
Mcu.Package=UFQFPN32
Mcu.Pin0=PA0
Mcu.Pin1=PA1
Mcu.Pin10=PB8
Mcu.Pin11=VP_FREERTOS_VS_CMSIS_V2
Mcu.Pin12=VP_GUI_INTERFACE_VS_gui_interface
Mcu.Pin13=VP_SYS_VS_tim3
Mcu.Pin14=VP_SYS_VS_DBSignals
Mcu.Pin15=VP_TIM2_VS_ClockSourceINT
Mcu.Pin16=VP_TRACER_EMB_VS_traceremb_lpuart1
Mcu.Pin17=VP_USBPD_VS_USBPD1
Mcu.Pin18=VP_USBPD_VS_PD3FULL
Mcu.Pin19=VP_USBPD_VS_usbpd_tim1
Mcu.Pin2=PA2
Mcu.Pin20=VP_USBPD_VS_usbpd_traceremb
Mcu.Pin21=VP_USB_DEVICE_VS_USB_DEVICE_CDC_FS
Mcu.Pin3=PA3
Mcu.Pin4=PA5
Mcu.Pin5=PB1
Mcu.Pin6=PB15
Mcu.Pin7=PA8
Mcu.Pin8=PA11 [PA9]
Mcu.Pin9=PA12 [PA10]
Mcu.PinsNb=22
Mcu.ThirdPartyNb=0
Mcu.UserConstants=
Mcu.UserName=STM32G0B1KEUxN
MxCube.Version=6.5.0
MxDb.Version=DB.6.0.50
NVIC.DMA1_Channel1_IRQn=true\:3\:0\:false\:false\:true\:true\:false\:true\:true
NVIC.DMA1_Channel2_3_IRQn=true\:3\:0\:false\:false\:true\:true\:false\:true\:true
NVIC.ForceEnableDMAVector=true
NVIC.HardFault_IRQn=true\:0\:0\:false\:false\:true\:false\:false\:false\:true
NVIC.NonMaskableInt_IRQn=true\:0\:0\:false\:false\:true\:false\:false\:false\:true
NVIC.PendSV_IRQn=true\:3\:0\:false\:false\:false\:true\:false\:false\:true
NVIC.SVC_IRQn=true\:0\:0\:false\:false\:false\:false\:false\:false\:true
NVIC.SavedPendsvIrqHandlerGenerated=true
NVIC.SavedSvcallIrqHandlerGenerated=true
NVIC.SavedSystickIrqHandlerGenerated=true
NVIC.SysTick_IRQn=true\:3\:0\:false\:false\:false\:true\:false\:true\:true
NVIC.TIM3_TIM4_IRQn=true\:3\:0\:false\:false\:true\:false\:false\:true\:true
NVIC.TimeBase=TIM3_TIM4_IRQn
NVIC.TimeBaseIP=TIM3
NVIC.USART3_4_5_6_LPUART1_IRQn=true\:3\:0\:false\:false\:true\:true\:true\:true\:true
NVIC.USB_UCPD1_2_IRQn=true\:3\:0\:false\:false\:true\:true\:true\:true\:true
PA0.GPIOParameters=GPIO_Label
PA0.GPIO_Label=ADC_CURRENT_SENSE
PA0.Locked=true
PA0.Mode=IN0
PA0.Signal=ADC1_IN0
PA1.GPIOParameters=GPIO_Label
PA1.GPIO_Label=ADC_TIP_TEMPERATURE
PA1.Locked=true
PA1.Mode=IN1
PA1.Signal=ADC1_IN1
PA11\ [PA9].Mode=Device
PA11\ [PA9].Signal=USB_DM
PA12\ [PA10].Mode=Device
PA12\ [PA10].Signal=USB_DP
PA2.Mode=Asynchronous
PA2.Signal=LPUART1_TX
PA3.Mode=Asynchronous
PA3.Signal=LPUART1_RX
PA5.GPIOParameters=GPIO_Speed,PinState,GPIO_Label
PA5.GPIO_Label=PWM_HEATER
PA5.GPIO_Speed=GPIO_SPEED_FREQ_HIGH
PA5.PinState=GPIO_PIN_RESET
PA5.Signal=S_TIM2_CH1_ETR
PA8.Mode=Sink_AllSignals
PA8.Signal=UCPD1_CC1
PB1.GPIOParameters=GPIO_Label
PB1.GPIO_Label=ADC_VBUS_SENSE
PB1.Mode=IN9
PB1.Signal=ADC1_IN9
PB15.Mode=Sink_AllSignals
PB15.Signal=UCPD1_CC2
PB8.Locked=true
PB8.Signal=GPIO_Output
PinOutPanel.RotationAngle=0
ProjectManager.AskForMigrate=true
ProjectManager.BackupPrevious=false
ProjectManager.CompilerOptimize=6
ProjectManager.ComputerToolchain=false
ProjectManager.CoupleFile=true
ProjectManager.CustomerFirmwarePackage=
ProjectManager.DefaultFWLocation=true
ProjectManager.DeletePrevious=true
ProjectManager.DeviceId=STM32G0B1KEUxN
ProjectManager.FirmwarePackage=STM32Cube FW_G0 V1.5.1
ProjectManager.FreePins=false
ProjectManager.HalAssertFull=false
ProjectManager.HeapSize=0x500
ProjectManager.KeepUserCode=true
ProjectManager.LastFirmware=true
ProjectManager.LibraryCopy=1
ProjectManager.MainLocation=Core/Src
ProjectManager.NoMain=false
ProjectManager.PreviousToolchain=
ProjectManager.ProjectBuild=false
ProjectManager.ProjectFileName=open-weller-pen.ioc
ProjectManager.ProjectName=open-weller-pen
ProjectManager.RegisterCallBack=
ProjectManager.StackSize=0x400
ProjectManager.TargetToolchain=STM32CubeIDE
ProjectManager.ToolChainLocation=
ProjectManager.UnderRoot=true
ProjectManager.functionlistsort=1-SystemClock_Config-RCC-false-HAL-false,2-MX_GPIO_Init-GPIO-false-HAL-true,3-MX_DMA_Init-DMA-false-HAL-true,4-MX_UCPD1_Init-UCPD1-false-LL-true,5-MX_USBPD_Init-USBPD-false-HAL-false,6-MX_USB_Device_Init-USB_DEVICE-false-HAL-false,7-MX_ADC1_Init-ADC1-false-HAL-true,8-MX_LPUART1_UART_Init-LPUART1-false-LL-true,9-MX_TIM2_Init-TIM2-false-HAL-true,10-MX_GUI_INTERFACE_Init-GUI_INTERFACE-false-HAL-true,11-MX_TRACER_EMB_Init-TRACER_EMB-false-HAL-true
RCC.ADCFreq_Value=64000000
RCC.AHBFreq_Value=64000000
RCC.APBFreq_Value=64000000
RCC.APBTimFreq_Value=64000000
RCC.CECFreq_Value=32786.88524590164
RCC.CortexFreq_Value=64000000
RCC.EXTERNAL_CLOCK_VALUE=48000
RCC.FCLKCortexFreq_Value=64000000
RCC.FDCANFreq_Value=64000000
RCC.FamilyName=M
RCC.HCLKFreq_Value=64000000
RCC.HSE_VALUE=8000000
RCC.HSI48_VALUE=48000000
RCC.HSI_VALUE=16000000
RCC.I2C1Freq_Value=64000000
RCC.I2C2Freq_Value=64000000
RCC.I2S1Freq_Value=64000000
RCC.I2S2Freq_Value=64000000
RCC.IPParameters=ADCFreq_Value,AHBFreq_Value,APBFreq_Value,APBTimFreq_Value,CECFreq_Value,CortexFreq_Value,EXTERNAL_CLOCK_VALUE,FCLKCortexFreq_Value,FDCANFreq_Value,FamilyName,HCLKFreq_Value,HSE_VALUE,HSI48_VALUE,HSI_VALUE,I2C1Freq_Value,I2C2Freq_Value,I2S1Freq_Value,I2S2Freq_Value,LPTIM1Freq_Value,LPTIM2Freq_Value,LPUART1Freq_Value,LPUART2Freq_Value,LSCOPinFreq_Value,LSE_VALUE,LSI_VALUE,MCO1PinFreq_Value,MCO2PinFreq_Value,PLLM,PLLN,PLLPoutputFreq_Value,PLLQoutputFreq_Value,PLLRCLKFreq_Value,PWRFreq_Value,SYSCLKFreq_VALUE,SYSCLKSource,TIM15Freq_Value,TIM1Freq_Value,USART1Freq_Value,USART2Freq_Value,USART3Freq_Value,USBFreq_Value,VCOInputFreq_Value,VCOOutputFreq_Value
RCC.LPTIM1Freq_Value=64000000
RCC.LPTIM2Freq_Value=64000000
RCC.LPUART1Freq_Value=64000000
RCC.LPUART2Freq_Value=64000000
RCC.LSCOPinFreq_Value=32000
RCC.LSE_VALUE=32768
RCC.LSI_VALUE=32000
RCC.MCO1PinFreq_Value=64000000
RCC.MCO2PinFreq_Value=64000000
RCC.PLLM=RCC_PLLM_DIV2
RCC.PLLN=16
RCC.PLLPoutputFreq_Value=64000000
RCC.PLLQoutputFreq_Value=64000000
RCC.PLLRCLKFreq_Value=64000000
RCC.PWRFreq_Value=64000000
RCC.SYSCLKFreq_VALUE=64000000
RCC.SYSCLKSource=RCC_SYSCLKSOURCE_PLLCLK
RCC.TIM15Freq_Value=64000000
RCC.TIM1Freq_Value=64000000
RCC.USART1Freq_Value=64000000
RCC.USART2Freq_Value=64000000
RCC.USART3Freq_Value=64000000
RCC.USBFreq_Value=48000000
RCC.VCOInputFreq_Value=8000000
RCC.VCOOutputFreq_Value=128000000
SH.S_TIM2_CH1_ETR.0=TIM2_CH1,PWM Generation1 CH1
SH.S_TIM2_CH1_ETR.ConfNb=1
TIM2.Channel-PWM\ Generation1\ CH1=TIM_CHANNEL_1
TIM2.IPParameters=Channel-PWM Generation1 CH1
USB_DEVICE.CLASS_NAME_FS=CDC
USB_DEVICE.IPParameters=VirtualMode,VirtualModeFS,CLASS_NAME_FS,MANUFACTURER_STRING,PRODUCT_STRING_CDC_FS
USB_DEVICE.MANUFACTURER_STRING=OpenWellerPen
USB_DEVICE.PRODUCT_STRING_CDC_FS=Open Weller Pen Config
USB_DEVICE.VirtualMode=Cdc
USB_DEVICE.VirtualModeFS=Cdc_FS
VP_FREERTOS_VS_CMSIS_V2.Mode=CMSIS_V2
VP_FREERTOS_VS_CMSIS_V2.Signal=FREERTOS_VS_CMSIS_V2
VP_GUI_INTERFACE_VS_gui_interface.Mode=GUI_INTERFACE
VP_GUI_INTERFACE_VS_gui_interface.Signal=GUI_INTERFACE_VS_gui_interface
VP_SYS_VS_DBSignals.Mode=DisableDeadBatterySignals
VP_SYS_VS_DBSignals.Signal=SYS_VS_DBSignals
VP_SYS_VS_tim3.Mode=TIM3
VP_SYS_VS_tim3.Signal=SYS_VS_tim3
VP_TIM2_VS_ClockSourceINT.Mode=Internal
VP_TIM2_VS_ClockSourceINT.Signal=TIM2_VS_ClockSourceINT
VP_TRACER_EMB_VS_traceremb_lpuart1.Mode=TRACER_EMB_LPUART1
VP_TRACER_EMB_VS_traceremb_lpuart1.Signal=TRACER_EMB_VS_traceremb_lpuart1
VP_USBPD_VS_PD3FULL.Mode=PD3_Full_Stack
VP_USBPD_VS_PD3FULL.Signal=USBPD_VS_PD3FULL
VP_USBPD_VS_USBPD1.Mode=USBPD_P0
VP_USBPD_VS_USBPD1.Signal=USBPD_VS_USBPD1
VP_USBPD_VS_usbpd_tim1.Mode=TIM1
VP_USBPD_VS_usbpd_tim1.Signal=USBPD_VS_usbpd_tim1
VP_USBPD_VS_usbpd_traceremb.Mode=TRACER_EMB
VP_USBPD_VS_usbpd_traceremb.Signal=USBPD_VS_usbpd_traceremb
VP_USB_DEVICE_VS_USB_DEVICE_CDC_FS.Mode=CDC_FS
VP_USB_DEVICE_VS_USB_DEVICE_CDC_FS.Signal=USB_DEVICE_VS_USB_DEVICE_CDC_FS
board=custom
isbadioc=false
